
Microsoft Visual Studio Solution File, Format Version 12.00
# Visual Studio Version 16
VisualStudioVersion = 16.0.32802.440
MinimumVisualStudioVersion = 10.0.40219.1
Project("{FAE04EC0-301F-11D3-BF4B-00C04F79EFBC}") = "u20691302_HW05", "u20691302_HW05\u20691302_HW05.csproj", "{036EDAF2-FEAB-4B26-A29A-CFC82C272DFC}"
EndProject
Global
	GlobalSection(SolutionConfigurationPlatforms) = preSolution
		Debug|Any CPU = Debug|Any CPU
		Release|Any CPU = Release|Any CPU
	EndGlobalSection
	GlobalSection(ProjectConfigurationPlatforms) = postSolution
		{036EDAF2-FEAB-4B26-A29A-CFC82C272DFC}.Debug|Any CPU.ActiveCfg = Debug|Any CPU
		{036EDAF2-FEAB-4B26-A29A-CFC82C272DFC}.Debug|Any CPU.Build.0 = Debug|Any CPU
		{036EDAF2-FEAB-4B26-A29A-CFC82C272DFC}.Release|Any CPU.ActiveCfg = Release|Any CPU
		{036EDAF2-FEAB-4B26-A29A-CFC82C272DFC}.Release|Any CPU.Build.0 = Release|Any CPU
	EndGlobalSection
	GlobalSection(SolutionProperties) = preSolution
		HideSolutionNode = FALSE
	EndGlobalSection
	GlobalSection(ExtensibilityGlobals) = postSolution
		SolutionGuid = {DDDFB1A7-F4BA-49F5-81F7-E026EB1795F8}
	EndGlobalSection
EndGlobal
